
Microsoft Visual Studio Solution File, Format Version 12.00
# Visual Studio Version 16
VisualStudioVersion = 16.0.29519.87
MinimumVisualStudioVersion = 10.0.40219.1
Project("{FAE04EC0-301F-11D3-BF4B-00C04F79EFBC}") = "Interactive-Timetable-Map", "Interactive-Timetable-Map\Interactive-Timetable-Map.csproj", "{197B7F8D-3917-45A7-961A-A52442BAE131}"
EndProject
Global
	GlobalSection(SolutionConfigurationPlatforms) = preSolution
		Debug|Any CPU = Debug|Any CPU
		Release|Any CPU = Release|Any CPU
	EndGlobalSection
	GlobalSection(ProjectConfigurationPlatforms) = postSolution
		{197B7F8D-3917-45A7-961A-A52442BAE131}.Debug|Any CPU.ActiveCfg = Debug|Any CPU
		{197B7F8D-3917-45A7-961A-A52442BAE131}.Debug|Any CPU.Build.0 = Debug|Any CPU
		{197B7F8D-3917-45A7-961A-A52442BAE131}.Release|Any CPU.ActiveCfg = Release|Any CPU
		{197B7F8D-3917-45A7-961A-A52442BAE131}.Release|Any CPU.Build.0 = Release|Any CPU
	EndGlobalSection
	GlobalSection(SolutionProperties) = preSolution
		HideSolutionNode = FALSE
	EndGlobalSection
	GlobalSection(ExtensibilityGlobals) = postSolution
		SolutionGuid = {1659866A-AC61-4362-8ABB-029C36B66DED}
	EndGlobalSection
EndGlobal
